
Microsoft Visual Studio Solution File, Format Version 12.00
# Visual Studio Version 17
VisualStudioVersion = 17.14.36408.4
MinimumVisualStudioVersion = 10.0.40219.1
Project("{FAE04EC0-301F-11D3-BF4B-00C04F79EFBC}") = "Calculator", "Calculator\Calculator.csproj", "{B1AE8686-F611-412D-884C-CF532BB50B26}"
EndProject
Project("{FAE04EC0-301F-11D3-BF4B-00C04F79EFBC}") = "ToDo", "TODO\ToDo.csproj", "{DA6E543B-3B01-434B-A530-4739948EEC2C}"
EndProject
Project("{FAE04EC0-301F-11D3-BF4B-00C04F79EFBC}") = "NumberGuessingGame", "NumberGuessingGame\NumberGuessingGame.csproj", "{D37F212F-B4A0-420B-AEEA-1C3A1EFFF0A2}"
EndProject
Global
	GlobalSection(SolutionConfigurationPlatforms) = preSolution
		Debug|Any CPU = Debug|Any CPU
		Release|Any CPU = Release|Any CPU
	EndGlobalSection
	GlobalSection(ProjectConfigurationPlatforms) = postSolution
		{B1AE8686-F611-412D-884C-CF532BB50B26}.Debug|Any CPU.ActiveCfg = Debug|Any CPU
		{B1AE8686-F611-412D-884C-CF532BB50B26}.Debug|Any CPU.Build.0 = Debug|Any CPU
		{B1AE8686-F611-412D-884C-CF532BB50B26}.Release|Any CPU.ActiveCfg = Release|Any CPU
		{B1AE8686-F611-412D-884C-CF532BB50B26}.Release|Any CPU.Build.0 = Release|Any CPU
		{DA6E543B-3B01-434B-A530-4739948EEC2C}.Debug|Any CPU.ActiveCfg = Debug|Any CPU
		{DA6E543B-3B01-434B-A530-4739948EEC2C}.Debug|Any CPU.Build.0 = Debug|Any CPU
		{DA6E543B-3B01-434B-A530-4739948EEC2C}.Release|Any CPU.ActiveCfg = Release|Any CPU
		{DA6E543B-3B01-434B-A530-4739948EEC2C}.Release|Any CPU.Build.0 = Release|Any CPU
		{D37F212F-B4A0-420B-AEEA-1C3A1EFFF0A2}.Debug|Any CPU.ActiveCfg = Debug|Any CPU
		{D37F212F-B4A0-420B-AEEA-1C3A1EFFF0A2}.Debug|Any CPU.Build.0 = Debug|Any CPU
		{D37F212F-B4A0-420B-AEEA-1C3A1EFFF0A2}.Release|Any CPU.ActiveCfg = Release|Any CPU
		{D37F212F-B4A0-420B-AEEA-1C3A1EFFF0A2}.Release|Any CPU.Build.0 = Release|Any CPU
	EndGlobalSection
	GlobalSection(SolutionProperties) = preSolution
		HideSolutionNode = FALSE
	EndGlobalSection
	GlobalSection(ExtensibilityGlobals) = postSolution
		SolutionGuid = {C9FE50AC-F2EA-4E6C-8E17-5E9D7D68D4C3}
	EndGlobalSection
EndGlobal
